
Microsoft Visual Studio Solution File, Format Version 12.00
# Visual Studio Version 17
VisualStudioVersion = 17.9.34622.214
MinimumVisualStudioVersion = 10.0.40219.1
Project("{FAE04EC0-301F-11D3-BF4B-00C04F79EFBC}") = "BasicApplication", "BasicApplication\BasicApplication.csproj", "{1DED75B6-995D-4E97-B6FD-19D02F35014B}"
EndProject
Project("{FAE04EC0-301F-11D3-BF4B-00C04F79EFBC}") = "BasicApplicationTest", "BasicApplicationTest\BasicApplicationTest.csproj", "{1558F492-3EE8-419A-B773-670254D3EDA4}"
EndProject
Global
	GlobalSection(SolutionConfigurationPlatforms) = preSolution
		Debug|Any CPU = Debug|Any CPU
		Release|Any CPU = Release|Any CPU
	EndGlobalSection
	GlobalSection(ProjectConfigurationPlatforms) = postSolution
		{1DED75B6-995D-4E97-B6FD-19D02F35014B}.Debug|Any CPU.ActiveCfg = Debug|Any CPU
		{1DED75B6-995D-4E97-B6FD-19D02F35014B}.Debug|Any CPU.Build.0 = Debug|Any CPU
		{1DED75B6-995D-4E97-B6FD-19D02F35014B}.Release|Any CPU.ActiveCfg = Release|Any CPU
		{1DED75B6-995D-4E97-B6FD-19D02F35014B}.Release|Any CPU.Build.0 = Release|Any CPU
		{1558F492-3EE8-419A-B773-670254D3EDA4}.Debug|Any CPU.ActiveCfg = Debug|Any CPU
		{1558F492-3EE8-419A-B773-670254D3EDA4}.Debug|Any CPU.Build.0 = Debug|Any CPU
		{1558F492-3EE8-419A-B773-670254D3EDA4}.Release|Any CPU.ActiveCfg = Release|Any CPU
		{1558F492-3EE8-419A-B773-670254D3EDA4}.Release|Any CPU.Build.0 = Release|Any CPU
	EndGlobalSection
	GlobalSection(SolutionProperties) = preSolution
		HideSolutionNode = FALSE
	EndGlobalSection
	GlobalSection(ExtensibilityGlobals) = postSolution
		SolutionGuid = {28499CAC-2AEE-419A-B9EB-4F5628554AD9}
	EndGlobalSection
EndGlobal
